
Microsoft Visual Studio Solution File, Format Version 12.00
# Visual Studio Version 17
VisualStudioVersion = 17.5.002.0
MinimumVisualStudioVersion = 10.0.40219.1
Project("{9A19103F-16F7-4668-BE54-9A1E7A4F7556}") = "MVC2", "MVC2.csproj", "{F317796C-C61D-4791-B1B9-9AC5F6C0A109}"
EndProject
Global
	GlobalSection(SolutionConfigurationPlatforms) = preSolution
		Debug|Any CPU = Debug|Any CPU
		Release|Any CPU = Release|Any CPU
	EndGlobalSection
	GlobalSection(ProjectConfigurationPlatforms) = postSolution
		{F317796C-C61D-4791-B1B9-9AC5F6C0A109}.Debug|Any CPU.ActiveCfg = Debug|Any CPU
		{F317796C-C61D-4791-B1B9-9AC5F6C0A109}.Debug|Any CPU.Build.0 = Debug|Any CPU
		{F317796C-C61D-4791-B1B9-9AC5F6C0A109}.Release|Any CPU.ActiveCfg = Release|Any CPU
		{F317796C-C61D-4791-B1B9-9AC5F6C0A109}.Release|Any CPU.Build.0 = Release|Any CPU
	EndGlobalSection
	GlobalSection(SolutionProperties) = preSolution
		HideSolutionNode = FALSE
	EndGlobalSection
	GlobalSection(ExtensibilityGlobals) = postSolution
		SolutionGuid = {D274E15B-55D4-47F4-9B2F-7C6F7FA80BED}
	EndGlobalSection
EndGlobal
